
Microsoft Visual Studio Solution File, Format Version 12.00
# Visual Studio Version 17
VisualStudioVersion = 17.6.33513.286
MinimumVisualStudioVersion = 10.0.40219.1
Project("{FAE04EC0-301F-11D3-BF4B-00C04F79EFBC}") = "Andromeda", "Andromeda\Andromeda.csproj", "{66554B82-0A86-4D35-8F80-C0AF4F7B42B0}"
EndProject
Global
	GlobalSection(SolutionConfigurationPlatforms) = preSolution
		Debug|Any CPU = Debug|Any CPU
		Release|Any CPU = Release|Any CPU
	EndGlobalSection
	GlobalSection(ProjectConfigurationPlatforms) = postSolution
		{66554B82-0A86-4D35-8F80-C0AF4F7B42B0}.Debug|Any CPU.ActiveCfg = Debug|Any CPU
		{66554B82-0A86-4D35-8F80-C0AF4F7B42B0}.Debug|Any CPU.Build.0 = Debug|Any CPU
		{66554B82-0A86-4D35-8F80-C0AF4F7B42B0}.Release|Any CPU.ActiveCfg = Release|Any CPU
		{66554B82-0A86-4D35-8F80-C0AF4F7B42B0}.Release|Any CPU.Build.0 = Release|Any CPU
	EndGlobalSection
	GlobalSection(SolutionProperties) = preSolution
		HideSolutionNode = FALSE
	EndGlobalSection
	GlobalSection(ExtensibilityGlobals) = postSolution
		SolutionGuid = {C3ECC783-6FE4-4B61-A4C9-5A1A29211C2B}
	EndGlobalSection
EndGlobal
